// !$*UTF8*$!
{
	archiveVersion = 1;
	classes = {
	};
	objectVersion = 48;
	objects = {

/* Begin PBXBuildFile section */
		1BCBFB0923277F3C12BDE685 /* libPods-QLSegmentSubPages.a in Frameworks */ = {isa = PBXBuildFile; fileRef = CF276BDF9820D4B6D01F8F98 /* libPods-QLSegmentSubPages.a */; };
		2D09EDFC20E4DC87001D198D /* TotalPageViewController.m in Sources */ = {isa = PBXBuildFile; fileRef = 2D09EDFB20E4DC87001D198D /* TotalPageViewController.m */; };
		2D3C960E20E5C73E00AB2B6D /* FourthViewController.m in Sources */ = {isa = PBXBuildFile; fileRef = 2D3C960D20E5C73E00AB2B6D /* FourthViewController.m */; };
		2D3C961120E5C75600AB2B6D /* FifthViewController.m in Sources */ = {isa = PBXBuildFile; fileRef = 2D3C961020E5C75600AB2B6D /* FifthViewController.m */; };
		2D3C961420E5C76600AB2B6D /* SixthViewController.m in Sources */ = {isa = PBXBuildFile; fileRef = 2D3C961320E5C76600AB2B6D /* SixthViewController.m */; };
		2D3C961720E5C78200AB2B6D /* SeventhViewController.m in Sources */ = {isa = PBXBuildFile; fileRef = 2D3C961620E5C78200AB2B6D /* SeventhViewController.m */; };
		2D3C961A20E5C79B00AB2B6D /* EighthViewController.m in Sources */ = {isa = PBXBuildFile; fileRef = 2D3C961920E5C79B00AB2B6D /* EighthViewController.m */; };
		2D3C961D20E5C7BA00AB2B6D /* NinthViewController.m in Sources */ = {isa = PBXBuildFile; fileRef = 2D3C961C20E5C7BA00AB2B6D /* NinthViewController.m */; };
		2D4C305C20EA171900810E38 /* 9KnqqgZBFe.jpg in Resources */ = {isa = PBXBuildFile; fileRef = 2D4C305B20EA171800810E38 /* 9KnqqgZBFe.jpg */; };
		2D5EB19F20C91AD700DE3E49 /* ViewController.m in Sources */ = {isa = PBXBuildFile; fileRef = 2D5EB19920C91AD700DE3E49 /* ViewController.m */; };
		2D5EB1A020C91AD700DE3E49 /* FirstViewController.m in Sources */ = {isa = PBXBuildFile; fileRef = 2D5EB19B20C91AD700DE3E49 /* FirstViewController.m */; };
		2D5EB1A120C91AD700DE3E49 /* SecondViewController.m in Sources */ = {isa = PBXBuildFile; fileRef = 2D5EB19C20C91AD700DE3E49 /* SecondViewController.m */; };
		2D5EB1A220C91AD700DE3E49 /* ThirdViewController.m in Sources */ = {isa = PBXBuildFile; fileRef = 2D5EB19D20C91AD700DE3E49 /* ThirdViewController.m */; };
		2D5EB1A620C91B2800DE3E49 /* HeaderConfigView.m in Sources */ = {isa = PBXBuildFile; fileRef = 2D5EB1A520C91B2800DE3E49 /* HeaderConfigView.m */; };
		2D5EB1AA20C91B4B00DE3E49 /* CustomTableViewCell.m in Sources */ = {isa = PBXBuildFile; fileRef = 2D5EB1A820C91B4B00DE3E49 /* CustomTableViewCell.m */; };
		2D5EB1AB20C91B4B00DE3E49 /* CustomTableViewCell.xib in Resources */ = {isa = PBXBuildFile; fileRef = 2D5EB1A920C91B4B00DE3E49 /* CustomTableViewCell.xib */; };
		2D62F01920C78F0B0095A85A /* AppDelegate.m in Sources */ = {isa = PBXBuildFile; fileRef = 2D62F01820C78F0B0095A85A /* AppDelegate.m */; };
		2D62F01F20C78F0B0095A85A /* Main.storyboard in Resources */ = {isa = PBXBuildFile; fileRef = 2D62F01D20C78F0B0095A85A /* Main.storyboard */; };
		2D62F02120C78F0B0095A85A /* Assets.xcassets in Resources */ = {isa = PBXBuildFile; fileRef = 2D62F02020C78F0B0095A85A /* Assets.xcassets */; };
		2D62F02420C78F0B0095A85A /* LaunchScreen.storyboard in Resources */ = {isa = PBXBuildFile; fileRef = 2D62F02220C78F0B0095A85A /* LaunchScreen.storyboard */; };
		2D62F02720C78F0B0095A85A /* main.m in Sources */ = {isa = PBXBuildFile; fileRef = 2D62F02620C78F0B0095A85A /* main.m */; };
		2D62F03220C7907D0095A85A /* SegmentSubPageView.m in Sources */ = {isa = PBXBuildFile; fileRef = 2D62F03120C7907D0095A85A /* SegmentSubPageView.m */; };
		2D62F03520C7B0A40095A85A /* QLSegmentTitleView.m in Sources */ = {isa = PBXBuildFile; fileRef = 2D62F03420C7B0A40095A85A /* QLSegmentTitleView.m */; };
/* End PBXBuildFile section */

/* Begin PBXFileReference section */
		2A80B52B1B5A781C8EECC0A6 /* Pods-QLSegmentSubPages.release.xcconfig */ = {isa = PBXFileReference; includeInIndex = 1; lastKnownFileType = text.xcconfig; name = "Pods-QLSegmentSubPages.release.xcconfig"; path = "Pods/Target Support Files/Pods-QLSegmentSubPages/Pods-QLSegmentSubPages.release.xcconfig"; sourceTree = "<group>"; };
		2D09EDFA20E4DC87001D198D /* TotalPageViewController.h */ = {isa = PBXFileReference; lastKnownFileType = sourcecode.c.h; path = TotalPageViewController.h; sourceTree = "<group>"; };
		2D09EDFB20E4DC87001D198D /* TotalPageViewController.m */ = {isa = PBXFileReference; lastKnownFileType = sourcecode.c.objc; path = TotalPageViewController.m; sourceTree = "<group>"; };
		2D3C960C20E5C73E00AB2B6D /* FourthViewController.h */ = {isa = PBXFileReference; lastKnownFileType = sourcecode.c.h; path = FourthViewController.h; sourceTree = "<group>"; };
		2D3C960D20E5C73E00AB2B6D /* FourthViewController.m */ = {isa = PBXFileReference; lastKnownFileType = sourcecode.c.objc; path = FourthViewController.m; sourceTree = "<group>"; };
		2D3C960F20E5C75600AB2B6D /* FifthViewController.h */ = {isa = PBXFileReference; lastKnownFileType = sourcecode.c.h; path = FifthViewController.h; sourceTree = "<group>"; };
		2D3C961020E5C75600AB2B6D /* FifthViewController.m */ = {isa = PBXFileReference; lastKnownFileType = sourcecode.c.objc; path = FifthViewController.m; sourceTree = "<group>"; };
		2D3C961220E5C76600AB2B6D /* SixthViewController.h */ = {isa = PBXFileReference; lastKnownFileType = sourcecode.c.h; path = SixthViewController.h; sourceTree = "<group>"; };
		2D3C961320E5C76600AB2B6D /* SixthViewController.m */ = {isa = PBXFileReference; lastKnownFileType = sourcecode.c.objc; path = SixthViewController.m; sourceTree = "<group>"; };
		2D3C961520E5C78200AB2B6D /* SeventhViewController.h */ = {isa = PBXFileReference; lastKnownFileType = sourcecode.c.h; path = SeventhViewController.h; sourceTree = "<group>"; };
		2D3C961620E5C78200AB2B6D /* SeventhViewController.m */ = {isa = PBXFileReference; lastKnownFileType = sourcecode.c.objc; path = SeventhViewController.m; sourceTree = "<group>"; };
		2D3C961820E5C79B00AB2B6D /* EighthViewController.h */ = {isa = PBXFileReference; lastKnownFileType = sourcecode.c.h; path = EighthViewController.h; sourceTree = "<group>"; };
		2D3C961920E5C79B00AB2B6D /* EighthViewController.m */ = {isa = PBXFileReference; lastKnownFileType = sourcecode.c.objc; path = EighthViewController.m; sourceTree = "<group>"; };
		2D3C961B20E5C7BA00AB2B6D /* NinthViewController.h */ = {isa = PBXFileReference; lastKnownFileType = sourcecode.c.h; path = NinthViewController.h; sourceTree = "<group>"; };
		2D3C961C20E5C7BA00AB2B6D /* NinthViewController.m */ = {isa = PBXFileReference; lastKnownFileType = sourcecode.c.objc; path = NinthViewController.m; sourceTree = "<group>"; };
		2D4C305B20EA171800810E38 /* 9KnqqgZBFe.jpg */ = {isa = PBXFileReference; lastKnownFileType = image.jpeg; path = 9KnqqgZBFe.jpg; sourceTree = "<group>"; };
		2D5EB19720C91AD700DE3E49 /* FirstViewController.h */ = {isa = PBXFileReference; fileEncoding = 4; lastKnownFileType = sourcecode.c.h; path = FirstViewController.h; sourceTree = "<group>"; };
		2D5EB19820C91AD700DE3E49 /* SecondViewController.h */ = {isa = PBXFileReference; fileEncoding = 4; lastKnownFileType = sourcecode.c.h; path = SecondViewController.h; sourceTree = "<group>"; };
		2D5EB19920C91AD700DE3E49 /* ViewController.m */ = {isa = PBXFileReference; fileEncoding = 4; lastKnownFileType = sourcecode.c.objc; path = ViewController.m; sourceTree = "<group>"; };
		2D5EB19A20C91AD700DE3E49 /* ThirdViewController.h */ = {isa = PBXFileReference; fileEncoding = 4; lastKnownFileType = sourcecode.c.h; path = ThirdViewController.h; sourceTree = "<group>"; };
		2D5EB19B20C91AD700DE3E49 /* FirstViewController.m */ = {isa = PBXFileReference; fileEncoding = 4; lastKnownFileType = sourcecode.c.objc; path = FirstViewController.m; sourceTree = "<group>"; };
		2D5EB19C20C91AD700DE3E49 /* SecondViewController.m */ = {isa = PBXFileReference; fileEncoding = 4; lastKnownFileType = sourcecode.c.objc; path = SecondViewController.m; sourceTree = "<group>"; };
		2D5EB19D20C91AD700DE3E49 /* ThirdViewController.m */ = {isa = PBXFileReference; fileEncoding = 4; lastKnownFileType = sourcecode.c.objc; path = ThirdViewController.m; sourceTree = "<group>"; };
		2D5EB19E20C91AD700DE3E49 /* ViewController.h */ = {isa = PBXFileReference; fileEncoding = 4; lastKnownFileType = sourcecode.c.h; path = ViewController.h; sourceTree = "<group>"; };
		2D5EB1A420C91B2800DE3E49 /* HeaderConfigView.h */ = {isa = PBXFileReference; lastKnownFileType = sourcecode.c.h; path = HeaderConfigView.h; sourceTree = "<group>"; };
		2D5EB1A520C91B2800DE3E49 /* HeaderConfigView.m */ = {isa = PBXFileReference; lastKnownFileType = sourcecode.c.objc; path = HeaderConfigView.m; sourceTree = "<group>"; };
		2D5EB1A720C91B4B00DE3E49 /* CustomTableViewCell.h */ = {isa = PBXFileReference; lastKnownFileType = sourcecode.c.h; path = CustomTableViewCell.h; sourceTree = "<group>"; };
		2D5EB1A820C91B4B00DE3E49 /* CustomTableViewCell.m */ = {isa = PBXFileReference; lastKnownFileType = sourcecode.c.objc; path = CustomTableViewCell.m; sourceTree = "<group>"; };
		2D5EB1A920C91B4B00DE3E49 /* CustomTableViewCell.xib */ = {isa = PBXFileReference; lastKnownFileType = file.xib; path = CustomTableViewCell.xib; sourceTree = "<group>"; };
		2D62F01420C78F0B0095A85A /* QLSegmentSubPages.app */ = {isa = PBXFileReference; explicitFileType = wrapper.application; includeInIndex = 0; path = QLSegmentSubPages.app; sourceTree = BUILT_PRODUCTS_DIR; };
		2D62F01720C78F0B0095A85A /* AppDelegate.h */ = {isa = PBXFileReference; lastKnownFileType = sourcecode.c.h; path = AppDelegate.h; sourceTree = "<group>"; };
		2D62F01820C78F0B0095A85A /* AppDelegate.m */ = {isa = PBXFileReference; lastKnownFileType = sourcecode.c.objc; path = AppDelegate.m; sourceTree = "<group>"; };
		2D62F01E20C78F0B0095A85A /* Base */ = {isa = PBXFileReference; lastKnownFileType = file.storyboard; name = Base; path = Base.lproj/Main.storyboard; sourceTree = "<group>"; };
		2D62F02020C78F0B0095A85A /* Assets.xcassets */ = {isa = PBXFileReference; lastKnownFileType = folder.assetcatalog; path = Assets.xcassets; sourceTree = "<group>"; };
		2D62F02320C78F0B0095A85A /* Base */ = {isa = PBXFileReference; lastKnownFileType = file.storyboard; name = Base; path = Base.lproj/LaunchScreen.storyboard; sourceTree = "<group>"; };
		2D62F02520C78F0B0095A85A /* Info.plist */ = {isa = PBXFileReference; lastKnownFileType = text.plist.xml; path = Info.plist; sourceTree = "<group>"; };
		2D62F02620C78F0B0095A85A /* main.m */ = {isa = PBXFileReference; lastKnownFileType = sourcecode.c.objc; path = main.m; sourceTree = "<group>"; };
		2D62F03020C7907D0095A85A /* SegmentSubPageView.h */ = {isa = PBXFileReference; lastKnownFileType = sourcecode.c.h; path = SegmentSubPageView.h; sourceTree = "<group>"; };
		2D62F03120C7907D0095A85A /* SegmentSubPageView.m */ = {isa = PBXFileReference; lastKnownFileType = sourcecode.c.objc; path = SegmentSubPageView.m; sourceTree = "<group>"; };
		2D62F03320C7B0A40095A85A /* QLSegmentTitleView.h */ = {isa = PBXFileReference; lastKnownFileType = sourcecode.c.h; path = QLSegmentTitleView.h; sourceTree = "<group>"; };
		2D62F03420C7B0A40095A85A /* QLSegmentTitleView.m */ = {isa = PBXFileReference; lastKnownFileType = sourcecode.c.objc; path = QLSegmentTitleView.m; sourceTree = "<group>"; };
		357D659BB4F92572F235C8D9 /* Pods-QLSegmentSubPages.debug.xcconfig */ = {isa = PBXFileReference; includeInIndex = 1; lastKnownFileType = text.xcconfig; name = "Pods-QLSegmentSubPages.debug.xcconfig"; path = "Pods/Target Support Files/Pods-QLSegmentSubPages/Pods-QLSegmentSubPages.debug.xcconfig"; sourceTree = "<group>"; };
		CF276BDF9820D4B6D01F8F98 /* libPods-QLSegmentSubPages.a */ = {isa = PBXFileReference; explicitFileType = archive.ar; includeInIndex = 0; path = "libPods-QLSegmentSubPages.a"; sourceTree = BUILT_PRODUCTS_DIR; };
/* End PBXFileReference section */

/* Begin PBXFrameworksBuildPhase section */
		2D62F01120C78F0B0095A85A /* Frameworks */ = {
			isa = PBXFrameworksBuildPhase;
			buildActionMask = 2147483647;
			files = (
				1BCBFB0923277F3C12BDE685 /* libPods-QLSegmentSubPages.a in Frameworks */,
			);
			runOnlyForDeploymentPostprocessing = 0;
		};
/* End PBXFrameworksBuildPhase section */

/* Begin PBXGroup section */
		2D5EB19620C91AD700DE3E49 /* SubViewControllers */ = {
			isa = PBXGroup;
			children = (
				2D5EB19720C91AD700DE3E49 /* FirstViewController.h */,
				2D5EB19B20C91AD700DE3E49 /* FirstViewController.m */,
				2D5EB19820C91AD700DE3E49 /* SecondViewController.h */,
				2D5EB19C20C91AD700DE3E49 /* SecondViewController.m */,
				2D5EB19A20C91AD700DE3E49 /* ThirdViewController.h */,
				2D5EB19D20C91AD700DE3E49 /* ThirdViewController.m */,
				2D3C960C20E5C73E00AB2B6D /* FourthViewController.h */,
				2D3C960D20E5C73E00AB2B6D /* FourthViewController.m */,
				2D3C960F20E5C75600AB2B6D /* FifthViewController.h */,
				2D3C961020E5C75600AB2B6D /* FifthViewController.m */,
				2D3C961220E5C76600AB2B6D /* SixthViewController.h */,
				2D3C961320E5C76600AB2B6D /* SixthViewController.m */,
				2D3C961520E5C78200AB2B6D /* SeventhViewController.h */,
				2D3C961620E5C78200AB2B6D /* SeventhViewController.m */,
				2D3C961820E5C79B00AB2B6D /* EighthViewController.h */,
				2D3C961920E5C79B00AB2B6D /* EighthViewController.m */,
				2D3C961B20E5C7BA00AB2B6D /* NinthViewController.h */,
				2D3C961C20E5C7BA00AB2B6D /* NinthViewController.m */,
			);
			path = SubViewControllers;
			sourceTree = "<group>";
		};
		2D5EB1A320C91AF200DE3E49 /* Views */ = {
			isa = PBXGroup;
			children = (
				2D5EB1A420C91B2800DE3E49 /* HeaderConfigView.h */,
				2D5EB1A520C91B2800DE3E49 /* HeaderConfigView.m */,
				2D5EB1A720C91B4B00DE3E49 /* CustomTableViewCell.h */,
				2D5EB1A820C91B4B00DE3E49 /* CustomTableViewCell.m */,
				2D5EB1A920C91B4B00DE3E49 /* CustomTableViewCell.xib */,
			);
			path = Views;
			sourceTree = "<group>";
		};
		2D62F00B20C78F0B0095A85A = {
			isa = PBXGroup;
			children = (
				2D62F01620C78F0B0095A85A /* QLSegmentSubPages */,
				2D62F01520C78F0B0095A85A /* Products */,
				6251FE7170D89825C6B1FA85 /* Pods */,
				4EFD447DE2C2A4B41A371454 /* Frameworks */,
			);
			sourceTree = "<group>";
		};
		2D62F01520C78F0B0095A85A /* Products */ = {
			isa = PBXGroup;
			children = (
				2D62F01420C78F0B0095A85A /* QLSegmentSubPages.app */,
			);
			name = Products;
			sourceTree = "<group>";
		};
		2D62F01620C78F0B0095A85A /* QLSegmentSubPages */ = {
			isa = PBXGroup;
			children = (
				2D62F02F20C7904F0095A85A /* CustomView */,
				2D62F01720C78F0B0095A85A /* AppDelegate.h */,
				2D62F01820C78F0B0095A85A /* AppDelegate.m */,
				2D5EB19E20C91AD700DE3E49 /* ViewController.h */,
				2D5EB19920C91AD700DE3E49 /* ViewController.m */,
				2D09EDFA20E4DC87001D198D /* TotalPageViewController.h */,
				2D09EDFB20E4DC87001D198D /* TotalPageViewController.m */,
				2D5EB19620C91AD700DE3E49 /* SubViewControllers */,
				2D5EB1A320C91AF200DE3E49 /* Views */,
				2D62F01D20C78F0B0095A85A /* Main.storyboard */,
				2D62F02020C78F0B0095A85A /* Assets.xcassets */,
				2D62F02220C78F0B0095A85A /* LaunchScreen.storyboard */,
				2D62F02520C78F0B0095A85A /* Info.plist */,
				2D4C305B20EA171800810E38 /* 9KnqqgZBFe.jpg */,
				2D62F02620C78F0B0095A85A /* main.m */,
			);
			path = QLSegmentSubPages;
			sourceTree = "<group>";
		};
		2D62F02F20C7904F0095A85A /* CustomView */ = {
			isa = PBXGroup;
			children = (
				2D62F03020C7907D0095A85A /* SegmentSubPageView.h */,
				2D62F03120C7907D0095A85A /* SegmentSubPageView.m */,
				2D62F03320C7B0A40095A85A /* QLSegmentTitleView.h */,
				2D62F03420C7B0A40095A85A /* QLSegmentTitleView.m */,
			);
			path = CustomView;
			sourceTree = "<group>";
		};
		4EFD447DE2C2A4B41A371454 /* Frameworks */ = {
			isa = PBXGroup;
			children = (
				CF276BDF9820D4B6D01F8F98 /* libPods-QLSegmentSubPages.a */,
			);
			name = Frameworks;
			sourceTree = "<group>";
		};
		6251FE7170D89825C6B1FA85 /* Pods */ = {
			isa = PBXGroup;
			children = (
				357D659BB4F92572F235C8D9 /* Pods-QLSegmentSubPages.debug.xcconfig */,
				2A80B52B1B5A781C8EECC0A6 /* Pods-QLSegmentSubPages.release.xcconfig */,
			);
			name = Pods;
			sourceTree = "<group>";
		};
/* End PBXGroup section */

/* Begin PBXNativeTarget section */
		2D62F01320C78F0B0095A85A /* QLSegmentSubPages */ = {
			isa = PBXNativeTarget;
			buildConfigurationList = 2D62F02A20C78F0B0095A85A /* Build configuration list for PBXNativeTarget "QLSegmentSubPages" */;
			buildPhases = (
				D54F758560F9333BB36192A5 /* [CP] Check Pods Manifest.lock */,
				2D62F01020C78F0B0095A85A /* Sources */,
				2D62F01120C78F0B0095A85A /* Frameworks */,
				2D62F01220C78F0B0095A85A /* Resources */,
				5AAAD84E0B82B054CAF08E99 /* [CP] Copy Pods Resources */,
			);
			buildRules = (
			);
			dependencies = (
			);
			name = QLSegmentSubPages;
			productName = QLSegmentSubPages;
			productReference = 2D62F01420C78F0B0095A85A /* QLSegmentSubPages.app */;
			productType = "com.apple.product-type.application";
		};
/* End PBXNativeTarget section */

/* Begin PBXProject section */
		2D62F00C20C78F0B0095A85A /* Project object */ = {
			isa = PBXProject;
			attributes = {
				LastUpgradeCheck = 0920;
				ORGANIZATIONNAME = qianlei;
				TargetAttributes = {
					2D62F01320C78F0B0095A85A = {
						CreatedOnToolsVersion = 9.2;
						ProvisioningStyle = Automatic;
					};
				};
			};
			buildConfigurationList = 2D62F00F20C78F0B0095A85A /* Build configuration list for PBXProject "QLSegmentSubPages" */;
			compatibilityVersion = "Xcode 8.0";
			developmentRegion = en;
			hasScannedForEncodings = 0;
			knownRegions = (
				en,
				Base,
			);
			mainGroup = 2D62F00B20C78F0B0095A85A;
			productRefGroup = 2D62F01520C78F0B0095A85A /* Products */;
			projectDirPath = "";
			projectRoot = "";
			targets = (
				2D62F01320C78F0B0095A85A /* QLSegmentSubPages */,
			);
		};
/* End PBXProject section */

/* Begin PBXResourcesBuildPhase section */
		2D62F01220C78F0B0095A85A /* Resources */ = {
			isa = PBXResourcesBuildPhase;
			buildActionMask = 2147483647;
			files = (
				2D62F02420C78F0B0095A85A /* LaunchScreen.storyboard in Resources */,
				2D4C305C20EA171900810E38 /* 9KnqqgZBFe.jpg in Resources */,
				2D62F02120C78F0B0095A85A /* Assets.xcassets in Resources */,
				2D5EB1AB20C91B4B00DE3E49 /* CustomTableViewCell.xib in Resources */,
				2D62F01F20C78F0B0095A85A /* Main.storyboard in Resources */,
			);
			runOnlyForDeploymentPostprocessing = 0;
		};
/* End PBXResourcesBuildPhase section */

/* Begin PBXShellScriptBuildPhase section */
		5AAAD84E0B82B054CAF08E99 /* [CP] Copy Pods Resources */ = {
			isa = PBXShellScriptBuildPhase;
			buildActionMask = 2147483647;
			files = (
			);
			inputPaths = (
				"${SRCROOT}/Pods/Target Support Files/Pods-QLSegmentSubPages/Pods-QLSegmentSubPages-resources.sh",
				"${PODS_ROOT}/MJRefresh/MJRefresh/MJRefresh.bundle",
			);
			name = "[CP] Copy Pods Resources";
			outputPaths = (
				"${TARGET_BUILD_DIR}/${UNLOCALIZED_RESOURCES_FOLDER_PATH}/MJRefresh.bundle",
			);
			runOnlyForDeploymentPostprocessing = 0;
			shellPath = /bin/sh;
			shellScript = "\"${SRCROOT}/Pods/Target Support Files/Pods-QLSegmentSubPages/Pods-QLSegmentSubPages-resources.sh\"\n";
			showEnvVarsInLog = 0;
		};
		D54F758560F9333BB36192A5 /* [CP] Check Pods Manifest.lock */ = {
			isa = PBXShellScriptBuildPhase;
			buildActionMask = 2147483647;
			files = (
			);
			inputPaths = (
				"${PODS_PODFILE_DIR_PATH}/Podfile.lock",
				"${PODS_ROOT}/Manifest.lock",
			);
			name = "[CP] Check Pods Manifest.lock";
			outputPaths = (
				"$(DERIVED_FILE_DIR)/Pods-QLSegmentSubPages-checkManifestLockResult.txt",
			);
			runOnlyForDeploymentPostprocessing = 0;
			shellPath = /bin/sh;
			shellScript = "diff \"${PODS_PODFILE_DIR_PATH}/Podfile.lock\" \"${PODS_ROOT}/Manifest.lock\" > /dev/null\nif [ $? != 0 ] ; then\n    # print error to STDERR\n    echo \"error: The sandbox is not in sync with the Podfile.lock. Run 'pod install' or update your CocoaPods installation.\" >&2\n    exit 1\nfi\n# This output is used by Xcode 'outputs' to avoid re-running this script phase.\necho \"SUCCESS\" > \"${SCRIPT_OUTPUT_FILE_0}\"\n";
			showEnvVarsInLog = 0;
		};
/* End PBXShellScriptBuildPhase section */

/* Begin PBXSourcesBuildPhase section */
		2D62F01020C78F0B0095A85A /* Sources */ = {
			isa = PBXSourcesBuildPhase;
			buildActionMask = 2147483647;
			files = (
				2D3C961120E5C75600AB2B6D /* FifthViewController.m in Sources */,
				2D3C960E20E5C73E00AB2B6D /* FourthViewController.m in Sources */,
				2D09EDFC20E4DC87001D198D /* TotalPageViewController.m in Sources */,
				2D3C961D20E5C7BA00AB2B6D /* NinthViewController.m in Sources */,
				2D62F03220C7907D0095A85A /* SegmentSubPageView.m in Sources */,
				2D5EB1A020C91AD700DE3E49 /* FirstViewController.m in Sources */,
				2D5EB1A220C91AD700DE3E49 /* ThirdViewController.m in Sources */,
				2D62F03520C7B0A40095A85A /* QLSegmentTitleView.m in Sources */,
				2D5EB1A120C91AD700DE3E49 /* SecondViewController.m in Sources */,
				2D62F02720C78F0B0095A85A /* main.m in Sources */,
				2D3C961A20E5C79B00AB2B6D /* EighthViewController.m in Sources */,
				2D5EB1A620C91B2800DE3E49 /* HeaderConfigView.m in Sources */,
				2D62F01920C78F0B0095A85A /* AppDelegate.m in Sources */,
				2D5EB1AA20C91B4B00DE3E49 /* CustomTableViewCell.m in Sources */,
				2D5EB19F20C91AD700DE3E49 /* ViewController.m in Sources */,
				2D3C961720E5C78200AB2B6D /* SeventhViewController.m in Sources */,
				2D3C961420E5C76600AB2B6D /* SixthViewController.m in Sources */,
			);
			runOnlyForDeploymentPostprocessing = 0;
		};
/* End PBXSourcesBuildPhase section */

/* Begin PBXVariantGroup section */
		2D62F01D20C78F0B0095A85A /* Main.storyboard */ = {
			isa = PBXVariantGroup;
			children = (
				2D62F01E20C78F0B0095A85A /* Base */,
			);
			name = Main.storyboard;
			sourceTree = "<group>";
		};
		2D62F02220C78F0B0095A85A /* LaunchScreen.storyboard */ = {
			isa = PBXVariantGroup;
			children = (
				2D62F02320C78F0B0095A85A /* Base */,
			);
			name = LaunchScreen.storyboard;
			sourceTree = "<group>";
		};
/* End PBXVariantGroup section */

/* Begin XCBuildConfiguration section */
		2D62F02820C78F0B0095A85A /* Debug */ = {
			isa = XCBuildConfiguration;
			buildSettings = {
				ALWAYS_SEARCH_USER_PATHS = NO;
				CLANG_ANALYZER_NONNULL = YES;
				CLANG_ANALYZER_NUMBER_OBJECT_CONVERSION = YES_AGGRESSIVE;
				CLANG_CXX_LANGUAGE_STANDARD = "gnu++14";
				CLANG_CXX_LIBRARY = "libc++";
				CLANG_ENABLE_MODULES = YES;
				CLANG_ENABLE_OBJC_ARC = YES;
				CLANG_WARN_BLOCK_CAPTURE_AUTORELEASING = YES;
				CLANG_WARN_BOOL_CONVERSION = YES;
				CLANG_WARN_COMMA = YES;
				CLANG_WARN_CONSTANT_CONVERSION = YES;
				CLANG_WARN_DIRECT_OBJC_ISA_USAGE = YES_ERROR;
				CLANG_WARN_DOCUMENTATION_COMMENTS = YES;
				CLANG_WARN_EMPTY_BODY = YES;
				CLANG_WARN_ENUM_CONVERSION = YES;
				CLANG_WARN_INFINITE_RECURSION = YES;
				CLANG_WARN_INT_CONVERSION = YES;
				CLANG_WARN_NON_LITERAL_NULL_CONVERSION = YES;
				CLANG_WARN_OBJC_LITERAL_CONVERSION = YES;
				CLANG_WARN_OBJC_ROOT_CLASS = YES_ERROR;
				CLANG_WARN_RANGE_LOOP_ANALYSIS = YES;
				CLANG_WARN_STRICT_PROTOTYPES = YES;
				CLANG_WARN_SUSPICIOUS_MOVE = YES;
				CLANG_WARN_UNGUARDED_AVAILABILITY = YES_AGGRESSIVE;
				CLANG_WARN_UNREACHABLE_CODE = YES;
				CLANG_WARN__DUPLICATE_METHOD_MATCH = YES;
				CODE_SIGN_IDENTITY = "iPhone Developer";
				COPY_PHASE_STRIP = NO;
				DEBUG_INFORMATION_FORMAT = dwarf;
				ENABLE_STRICT_OBJC_MSGSEND = YES;
				ENABLE_TESTABILITY = YES;
				GCC_C_LANGUAGE_STANDARD = gnu11;
				GCC_DYNAMIC_NO_PIC = NO;
				GCC_NO_COMMON_BLOCKS = YES;
				GCC_OPTIMIZATION_LEVEL = 0;
				GCC_PREPROCESSOR_DEFINITIONS = (
					"DEBUG=1",
					"$(inherited)",
				);
				GCC_WARN_64_TO_32_BIT_CONVERSION = YES;
				GCC_WARN_ABOUT_RETURN_TYPE = YES_ERROR;
				GCC_WARN_UNDECLARED_SELECTOR = YES;
				GCC_WARN_UNINITIALIZED_AUTOS = YES_AGGRESSIVE;
				GCC_WARN_UNUSED_FUNCTION = YES;
				GCC_WARN_UNUSED_VARIABLE = YES;
				IPHONEOS_DEPLOYMENT_TARGET = 8.0;
				MTL_ENABLE_DEBUG_INFO = YES;
				ONLY_ACTIVE_ARCH = YES;
				SDKROOT = iphoneos;
			};
			name = Debug;
		};
		2D62F02920C78F0B0095A85A /* Release */ = {
			isa = XCBuildConfiguration;
			buildSettings = {
				ALWAYS_SEARCH_USER_PATHS = NO;
				CLANG_ANALYZER_NONNULL = YES;
				CLANG_ANALYZER_NUMBER_OBJECT_CONVERSION = YES_AGGRESSIVE;
				CLANG_CXX_LANGUAGE_STANDARD = "gnu++14";
				CLANG_CXX_LIBRARY = "libc++";
				CLANG_ENABLE_MODULES = YES;
				CLANG_ENABLE_OBJC_ARC = YES;
				CLANG_WARN_BLOCK_CAPTURE_AUTORELEASING = YES;
				CLANG_WARN_BOOL_CONVERSION = YES;
				CLANG_WARN_COMMA = YES;
				CLANG_WARN_CONSTANT_CONVERSION = YES;
				CLANG_WARN_DIRECT_OBJC_ISA_USAGE = YES_ERROR;
				CLANG_WARN_DOCUMENTATION_COMMENTS = YES;
				CLANG_WARN_EMPTY_BODY = YES;
				CLANG_WARN_ENUM_CONVERSION = YES;
				CLANG_WARN_INFINITE_RECURSION = YES;
				CLANG_WARN_INT_CONVERSION = YES;
				CLANG_WARN_NON_LITERAL_NULL_CONVERSION = YES;
				CLANG_WARN_OBJC_LITERAL_CONVERSION = YES;
				CLANG_WARN_OBJC_ROOT_CLASS = YES_ERROR;
				CLANG_WARN_RANGE_LOOP_ANALYSIS = YES;
				CLANG_WARN_STRICT_PROTOTYPES = YES;
				CLANG_WARN_SUSPICIOUS_MOVE = YES;
				CLANG_WARN_UNGUARDED_AVAILABILITY = YES_AGGRESSIVE;
				CLANG_WARN_UNREACHABLE_CODE = YES;
				CLANG_WARN__DUPLICATE_METHOD_MATCH = YES;
				CODE_SIGN_IDENTITY = "iPhone Developer";
				COPY_PHASE_STRIP = NO;
				DEBUG_INFORMATION_FORMAT = "dwarf-with-dsym";
				ENABLE_NS_ASSERTIONS = NO;
				ENABLE_STRICT_OBJC_MSGSEND = YES;
				GCC_C_LANGUAGE_STANDARD = gnu11;
				GCC_NO_COMMON_BLOCKS = YES;
				GCC_WARN_64_TO_32_BIT_CONVERSION = YES;
				GCC_WARN_ABOUT_RETURN_TYPE = YES_ERROR;
				GCC_WARN_UNDECLARED_SELECTOR = YES;
				GCC_WARN_UNINITIALIZED_AUTOS = YES_AGGRESSIVE;
				GCC_WARN_UNUSED_FUNCTION = YES;
				GCC_WARN_UNUSED_VARIABLE = YES;
				IPHONEOS_DEPLOYMENT_TARGET = 8.0;
				MTL_ENABLE_DEBUG_INFO = NO;
				SDKROOT = iphoneos;
				VALIDATE_PRODUCT = YES;
			};
			name = Release;
		};
		2D62F02B20C78F0B0095A85A /* Debug */ = {
			isa = XCBuildConfiguration;
			baseConfigurationReference = 357D659BB4F92572F235C8D9 /* Pods-QLSegmentSubPages.debug.xcconfig */;
			buildSettings = {
				ASSETCATALOG_COMPILER_APPICON_NAME = AppIcon;
				CODE_SIGN_STYLE = Automatic;
				INFOPLIST_FILE = QLSegmentSubPages/Info.plist;
				LD_RUNPATH_SEARCH_PATHS = "$(inherited) @executable_path/Frameworks";
				PRODUCT_BUNDLE_IDENTIFIER = com.fangxin.QLSegmentSubPages;
				PRODUCT_NAME = "$(TARGET_NAME)";
				TARGETED_DEVICE_FAMILY = "1,2";
			};
			name = Debug;
		};
		2D62F02C20C78F0B0095A85A /* Release */ = {
			isa = XCBuildConfiguration;
			baseConfigurationReference = 2A80B52B1B5A781C8EECC0A6 /* Pods-QLSegmentSubPages.release.xcconfig */;
			buildSettings = {
				ASSETCATALOG_COMPILER_APPICON_NAME = AppIcon;
				CODE_SIGN_STYLE = Automatic;
				INFOPLIST_FILE = QLSegmentSubPages/Info.plist;
				LD_RUNPATH_SEARCH_PATHS = "$(inherited) @executable_path/Frameworks";
				PRODUCT_BUNDLE_IDENTIFIER = com.fangxin.QLSegmentSubPages;
				PRODUCT_NAME = "$(TARGET_NAME)";
				TARGETED_DEVICE_FAMILY = "1,2";
			};
			name = Release;
		};
/* End XCBuildConfiguration section */

/* Begin XCConfigurationList section */
		2D62F00F20C78F0B0095A85A /* Build configuration list for PBXProject "QLSegmentSubPages" */ = {
			isa = XCConfigurationList;
			buildConfigurations = (
				2D62F02820C78F0B0095A85A /* Debug */,
				2D62F02920C78F0B0095A85A /* Release */,
			);
			defaultConfigurationIsVisible = 0;
			defaultConfigurationName = Release;
		};
		2D62F02A20C78F0B0095A85A /* Build configuration list for PBXNativeTarget "QLSegmentSubPages" */ = {
			isa = XCConfigurationList;
			buildConfigurations = (
				2D62F02B20C78F0B0095A85A /* Debug */,
				2D62F02C20C78F0B0095A85A /* Release */,
			);
			defaultConfigurationIsVisible = 0;
			defaultConfigurationName = Release;
		};
/* End XCConfigurationList section */
	};
	rootObject = 2D62F00C20C78F0B0095A85A /* Project object */;
}
